PODS:
  - Alamofire (4.4.0)
  - SwiftyDropbox (4.1.2):
    - Alamofire (~> 4.4.0)

DEPENDENCIES:
  - SwiftyDropbox

SPEC CHECKSUMS:
  Alamofire: dc44b1600b800eb63da6a19039a0083d62a6a62d
  SwiftyDropbox: eb79d166c2850e50eed01c280c7c64b4b69c50a5

PODFILE CHECKSUM: eb4b5f63d66bb89a38ac727257e93a6a592a3354

COCOAPODS: 1.3.1
