// !$*UTF8*$!
{
	archiveVersion = 1;
	classes = {
	};
	objectVersion = 46;
	objects = {

/* Begin PBXBuildFile section */
		18B466261E654F03007F5009 /* AppDelegate.swift in Sources */ = {isa = PBXBuildFile; fileRef = 18B466251E654F03007F5009 /* AppDelegate.swift */; };
		18B466291E654F0F007F5009 /* ReaderViewController.swift in Sources */ = {isa = PBXBuildFile; fileRef = 18B466271E654F0F007F5009 /* ReaderViewController.swift */; };
		18B4662E1E655068007F5009 /* MainViewController.swift in Sources */ = {isa = PBXBuildFile; fileRef = 18B4662D1E655068007F5009 /* MainViewController.swift */; };
		18B466321E655B71007F5009 /* MagazineCoverCell.swift in Sources */ = {isa = PBXBuildFile; fileRef = 18B466311E655B71007F5009 /* MagazineCoverCell.swift */; };
		18B466371E65627D007F5009 /* Section.swift in Sources */ = {isa = PBXBuildFile; fileRef = 18B466361E65627D007F5009 /* Section.swift */; };
		18B466391E6587A8007F5009 /* SectionHeaderView.swift in Sources */ = {isa = PBXBuildFile; fileRef = 18B466381E6587A8007F5009 /* SectionHeaderView.swift */; };
		18FD1F461E6409A400B999A9 /* Main.storyboard in Resources */ = {isa = PBXBuildFile; fileRef = 18FD1F441E6409A400B999A9 /* Main.storyboard */; };
		18FD1F481E6409A400B999A9 /* Assets.xcassets in Resources */ = {isa = PBXBuildFile; fileRef = 18FD1F471E6409A400B999A9 /* Assets.xcassets */; };
		18FD1F4B1E6409A400B999A9 /* LaunchScreen.storyboard in Resources */ = {isa = PBXBuildFile; fileRef = 18FD1F491E6409A400B999A9 /* LaunchScreen.storyboard */; };
		18FD1F561E6409A500B999A9 /* FCMagazineTests.swift in Sources */ = {isa = PBXBuildFile; fileRef = 18FD1F551E6409A500B999A9 /* FCMagazineTests.swift */; };
		18FD1F611E6453BA00B999A9 /* Magazine.swift in Sources */ = {isa = PBXBuildFile; fileRef = 18FD1F601E6453BA00B999A9 /* Magazine.swift */; };
		1996048FE1565661843B045E /* Pods_FCMagazineTests.framework in Frameworks */ = {isa = PBXBuildFile; fileRef = FCF9BC2585CD48903DABB168 /* Pods_FCMagazineTests.framework */; };
		96C743BC8F904422836C7DA0 /* Pods_FCMagazine.framework in Frameworks */ = {isa = PBXBuildFile; fileRef = 8044FC18BD564895C38A9362 /* Pods_FCMagazine.framework */; };
/* End PBXBuildFile section */

/* Begin PBXContainerItemProxy section */
		18FD1F521E6409A500B999A9 /* PBXContainerItemProxy */ = {
			isa = PBXContainerItemProxy;
			containerPortal = 18FD1F331E6409A400B999A9 /* Project object */;
			proxyType = 1;
			remoteGlobalIDString = 18FD1F3A1E6409A400B999A9;
			remoteInfo = FCMagazine;
		};
/* End PBXContainerItemProxy section */

/* Begin PBXFileReference section */
		0C248915C19C3E40BE323347 /* Pods-FCMagazineTests.debug.xcconfig */ = {isa = PBXFileReference; includeInIndex = 1; lastKnownFileType = text.xcconfig; name = "Pods-FCMagazineTests.debug.xcconfig"; path = "Pods/Target Support Files/Pods-FCMagazineTests/Pods-FCMagazineTests.debug.xcconfig"; sourceTree = "<group>"; };
		18B466251E654F03007F5009 /* AppDelegate.swift */ = {isa = PBXFileReference; fileEncoding = 4; lastKnownFileType = sourcecode.swift; name = AppDelegate.swift; path = Classes/AppDelegate.swift; sourceTree = "<group>"; };
		18B466271E654F0F007F5009 /* ReaderViewController.swift */ = {isa = PBXFileReference; fileEncoding = 4; lastKnownFileType = sourcecode.swift; name = ReaderViewController.swift; path = Classes/Controllers/ReaderViewController.swift; sourceTree = "<group>"; };
		18B4662D1E655068007F5009 /* MainViewController.swift */ = {isa = PBXFileReference; fileEncoding = 4; lastKnownFileType = sourcecode.swift; name = MainViewController.swift; path = Classes/Controllers/MainViewController.swift; sourceTree = "<group>"; };
		18B466311E655B71007F5009 /* MagazineCoverCell.swift */ = {isa = PBXFileReference; fileEncoding = 4; lastKnownFileType = sourcecode.swift; name = MagazineCoverCell.swift; path = Classes/Views/MagazineCoverCell.swift; sourceTree = "<group>"; };
		18B466361E65627D007F5009 /* Section.swift */ = {isa = PBXFileReference; fileEncoding = 4; lastKnownFileType = sourcecode.swift; name = Section.swift; path = Classes/Models/Section.swift; sourceTree = "<group>"; };
		18B466381E6587A8007F5009 /* SectionHeaderView.swift */ = {isa = PBXFileReference; fileEncoding = 4; lastKnownFileType = sourcecode.swift; name = SectionHeaderView.swift; path = Classes/Views/SectionHeaderView.swift; sourceTree = "<group>"; };
		18FD1F3B1E6409A400B999A9 /* FCMagazine.app */ = {isa = PBXFileReference; explicitFileType = wrapper.application; includeInIndex = 0; path = FCMagazine.app; sourceTree = BUILT_PRODUCTS_DIR; };
		18FD1F451E6409A400B999A9 /* Base */ = {isa = PBXFileReference; lastKnownFileType = file.storyboard; name = Base; path = Base.lproj/Main.storyboard; sourceTree = "<group>"; };
		18FD1F471E6409A400B999A9 /* Assets.xcassets */ = {isa = PBXFileReference; lastKnownFileType = folder.assetcatalog; path = Assets.xcassets; sourceTree = "<group>"; };
		18FD1F4A1E6409A400B999A9 /* Base */ = {isa = PBXFileReference; lastKnownFileType = file.storyboard; name = Base; path = Base.lproj/LaunchScreen.storyboard; sourceTree = "<group>"; };
		18FD1F4C1E6409A400B999A9 /* Info.plist */ = {isa = PBXFileReference; lastKnownFileType = text.plist.xml; path = Info.plist; sourceTree = "<group>"; };
		18FD1F511E6409A500B999A9 /* FCMagazineTests.xctest */ = {isa = PBXFileReference; explicitFileType = wrapper.cfbundle; includeInIndex = 0; path = FCMagazineTests.xctest; sourceTree = BUILT_PRODUCTS_DIR; };
		18FD1F551E6409A500B999A9 /* FCMagazineTests.swift */ = {isa = PBXFileReference; lastKnownFileType = sourcecode.swift; path = FCMagazineTests.swift; sourceTree = "<group>"; };
		18FD1F571E6409A500B999A9 /* Info.plist */ = {isa = PBXFileReference; lastKnownFileType = text.plist.xml; path = Info.plist; sourceTree = "<group>"; };
		18FD1F601E6453BA00B999A9 /* Magazine.swift */ = {isa = PBXFileReference; fileEncoding = 4; lastKnownFileType = sourcecode.swift; name = Magazine.swift; path = Classes/Models/Magazine.swift; sourceTree = "<group>"; };
		20FF3F158EB527E2299FF48A /* Pods-FCMagazine.release.xcconfig */ = {isa = PBXFileReference; includeInIndex = 1; lastKnownFileType = text.xcconfig; name = "Pods-FCMagazine.release.xcconfig"; path = "Pods/Target Support Files/Pods-FCMagazine/Pods-FCMagazine.release.xcconfig"; sourceTree = "<group>"; };
		8044FC18BD564895C38A9362 /* Pods_FCMagazine.framework */ = {isa = PBXFileReference; explicitFileType = wrapper.framework; includeInIndex = 0; path = Pods_FCMagazine.framework; sourceTree = BUILT_PRODUCTS_DIR; };
		8D34A699FCC5B0BF18793994 /* Pods-FCMagazine.debug.xcconfig */ = {isa = PBXFileReference; includeInIndex = 1; lastKnownFileType = text.xcconfig; name = "Pods-FCMagazine.debug.xcconfig"; path = "Pods/Target Support Files/Pods-FCMagazine/Pods-FCMagazine.debug.xcconfig"; sourceTree = "<group>"; };
		BE4D92EB009B2033F172F15E /* Pods-FCMagazineTests.release.xcconfig */ = {isa = PBXFileReference; includeInIndex = 1; lastKnownFileType = text.xcconfig; name = "Pods-FCMagazineTests.release.xcconfig"; path = "Pods/Target Support Files/Pods-FCMagazineTests/Pods-FCMagazineTests.release.xcconfig"; sourceTree = "<group>"; };
		FCF9BC2585CD48903DABB168 /* Pods_FCMagazineTests.framework */ = {isa = PBXFileReference; explicitFileType = wrapper.framework; includeInIndex = 0; path = Pods_FCMagazineTests.framework; sourceTree = BUILT_PRODUCTS_DIR; };
/* End PBXFileReference section */

/* Begin PBXFrameworksBuildPhase section */
		18FD1F381E6409A400B999A9 /* Frameworks */ = {
			isa = PBXFrameworksBuildPhase;
			buildActionMask = 2147483647;
			files = (
				96C743BC8F904422836C7DA0 /* Pods_FCMagazine.framework in Frameworks */,
			);
			runOnlyForDeploymentPostprocessing = 0;
		};
		18FD1F4E1E6409A500B999A9 /* Frameworks */ = {
			isa = PBXFrameworksBuildPhase;
			buildActionMask = 2147483647;
			files = (
				1996048FE1565661843B045E /* Pods_FCMagazineTests.framework in Frameworks */,
			);
			runOnlyForDeploymentPostprocessing = 0;
		};
/* End PBXFrameworksBuildPhase section */

/* Begin PBXGroup section */
		18B466331E655B93007F5009 /* Controllers */ = {
			isa = PBXGroup;
			children = (
				18B4662D1E655068007F5009 /* MainViewController.swift */,
				18B466271E654F0F007F5009 /* ReaderViewController.swift */,
			);
			name = Controllers;
			sourceTree = "<group>";
		};
		18B466341E655BA8007F5009 /* Models */ = {
			isa = PBXGroup;
			children = (
				18FD1F601E6453BA00B999A9 /* Magazine.swift */,
				18B466361E65627D007F5009 /* Section.swift */,
			);
			name = Models;
			sourceTree = "<group>";
		};
		18B466351E655BB5007F5009 /* Views */ = {
			isa = PBXGroup;
			children = (
				18B466311E655B71007F5009 /* MagazineCoverCell.swift */,
				18B466381E6587A8007F5009 /* SectionHeaderView.swift */,
			);
			name = Views;
			sourceTree = "<group>";
		};
		18E84AE237E28AE1F111A3E4 /* Frameworks */ = {
			isa = PBXGroup;
			children = (
				8044FC18BD564895C38A9362 /* Pods_FCMagazine.framework */,
				FCF9BC2585CD48903DABB168 /* Pods_FCMagazineTests.framework */,
			);
			name = Frameworks;
			sourceTree = "<group>";
		};
		18FD1F321E6409A400B999A9 = {
			isa = PBXGroup;
			children = (
				18FD1F3D1E6409A400B999A9 /* FCMagazine */,
				18FD1F541E6409A500B999A9 /* FCMagazineTests */,
				18FD1F3C1E6409A400B999A9 /* Products */,
				42636F9592511B2C4A4DE83B /* Pods */,
				18E84AE237E28AE1F111A3E4 /* Frameworks */,
			);
			sourceTree = "<group>";
		};
		18FD1F3C1E6409A400B999A9 /* Products */ = {
			isa = PBXGroup;
			children = (
				18FD1F3B1E6409A400B999A9 /* FCMagazine.app */,
				18FD1F511E6409A500B999A9 /* FCMagazineTests.xctest */,
			);
			name = Products;
			sourceTree = "<group>";
		};
		18FD1F3D1E6409A400B999A9 /* FCMagazine */ = {
			isa = PBXGroup;
			children = (
				18B466331E655B93007F5009 /* Controllers */,
				18B466351E655BB5007F5009 /* Views */,
				18B466341E655BA8007F5009 /* Models */,
				18B466251E654F03007F5009 /* AppDelegate.swift */,
				18FD1F441E6409A400B999A9 /* Main.storyboard */,
				18FD1F471E6409A400B999A9 /* Assets.xcassets */,
				18FD1F491E6409A400B999A9 /* LaunchScreen.storyboard */,
				18FD1F4C1E6409A400B999A9 /* Info.plist */,
			);
			path = FCMagazine;
			sourceTree = "<group>";
		};
		18FD1F541E6409A500B999A9 /* FCMagazineTests */ = {
			isa = PBXGroup;
			children = (
				18FD1F551E6409A500B999A9 /* FCMagazineTests.swift */,
				18FD1F571E6409A500B999A9 /* Info.plist */,
			);
			path = FCMagazineTests;
			sourceTree = "<group>";
		};
		42636F9592511B2C4A4DE83B /* Pods */ = {
			isa = PBXGroup;
			children = (
				8D34A699FCC5B0BF18793994 /* Pods-FCMagazine.debug.xcconfig */,
				20FF3F158EB527E2299FF48A /* Pods-FCMagazine.release.xcconfig */,
				0C248915C19C3E40BE323347 /* Pods-FCMagazineTests.debug.xcconfig */,
				BE4D92EB009B2033F172F15E /* Pods-FCMagazineTests.release.xcconfig */,
			);
			name = Pods;
			sourceTree = "<group>";
		};
/* End PBXGroup section */

/* Begin PBXNativeTarget section */
		18FD1F3A1E6409A400B999A9 /* FCMagazine */ = {
			isa = PBXNativeTarget;
			buildConfigurationList = 18FD1F5A1E6409A500B999A9 /* Build configuration list for PBXNativeTarget "FCMagazine" */;
			buildPhases = (
				8D745663B7DEB930B3BB7FEE /* [CP] Check Pods Manifest.lock */,
				18FD1F371E6409A400B999A9 /* Sources */,
				18FD1F381E6409A400B999A9 /* Frameworks */,
				18FD1F391E6409A400B999A9 /* Resources */,
				BB4B702057221940B910AA5B /* [CP] Embed Pods Frameworks */,
				FC41AF89D9A57B50182C973C /* [CP] Copy Pods Resources */,
			);
			buildRules = (
			);
			dependencies = (
			);
			name = FCMagazine;
			productName = FCMagazine;
			productReference = 18FD1F3B1E6409A400B999A9 /* FCMagazine.app */;
			productType = "com.apple.product-type.application";
		};
		18FD1F501E6409A500B999A9 /* FCMagazineTests */ = {
			isa = PBXNativeTarget;
			buildConfigurationList = 18FD1F5D1E6409A500B999A9 /* Build configuration list for PBXNativeTarget "FCMagazineTests" */;
			buildPhases = (
				D984CCC198653DB69A99487E /* [CP] Check Pods Manifest.lock */,
				18FD1F4D1E6409A500B999A9 /* Sources */,
				18FD1F4E1E6409A500B999A9 /* Frameworks */,
				18FD1F4F1E6409A500B999A9 /* Resources */,
				81241B96549D5024B88DF42A /* [CP] Embed Pods Frameworks */,
				226D575F21F8CD5A04ABE1F4 /* [CP] Copy Pods Resources */,
			);
			buildRules = (
			);
			dependencies = (
				18FD1F531E6409A500B999A9 /* PBXTargetDependency */,
			);
			name = FCMagazineTests;
			productName = FCMagazineTests;
			productReference = 18FD1F511E6409A500B999A9 /* FCMagazineTests.xctest */;
			productType = "com.apple.product-type.bundle.unit-test";
		};
/* End PBXNativeTarget section */

/* Begin PBXProject section */
		18FD1F331E6409A400B999A9 /* Project object */ = {
			isa = PBXProject;
			attributes = {
				LastSwiftUpdateCheck = 0820;
				LastUpgradeCheck = 0820;
				ORGANIZATIONNAME = e2esp;
				TargetAttributes = {
					18FD1F3A1E6409A400B999A9 = {
						CreatedOnToolsVersion = 8.2.1;
						ProvisioningStyle = Automatic;
					};
					18FD1F501E6409A500B999A9 = {
						CreatedOnToolsVersion = 8.2.1;
						ProvisioningStyle = Automatic;
						TestTargetID = 18FD1F3A1E6409A400B999A9;
					};
				};
			};
			buildConfigurationList = 18FD1F361E6409A400B999A9 /* Build configuration list for PBXProject "FCMagazine" */;
			compatibilityVersion = "Xcode 3.2";
			developmentRegion = English;
			hasScannedForEncodings = 0;
			knownRegions = (
				en,
				Base,
			);
			mainGroup = 18FD1F321E6409A400B999A9;
			productRefGroup = 18FD1F3C1E6409A400B999A9 /* Products */;
			projectDirPath = "";
			projectRoot = "";
			targets = (
				18FD1F3A1E6409A400B999A9 /* FCMagazine */,
				18FD1F501E6409A500B999A9 /* FCMagazineTests */,
			);
		};
/* End PBXProject section */

/* Begin PBXResourcesBuildPhase section */
		18FD1F391E6409A400B999A9 /* Resources */ = {
			isa = PBXResourcesBuildPhase;
			buildActionMask = 2147483647;
			files = (
				18FD1F4B1E6409A400B999A9 /* LaunchScreen.storyboard in Resources */,
				18FD1F481E6409A400B999A9 /* Assets.xcassets in Resources */,
				18FD1F461E6409A400B999A9 /* Main.storyboard in Resources */,
			);
			runOnlyForDeploymentPostprocessing = 0;
		};
		18FD1F4F1E6409A500B999A9 /* Resources */ = {
			isa = PBXResourcesBuildPhase;
			buildActionMask = 2147483647;
			files = (
			);
			runOnlyForDeploymentPostprocessing = 0;
		};
/* End PBXResourcesBuildPhase section */

/* Begin PBXShellScriptBuildPhase section */
		226D575F21F8CD5A04ABE1F4 /* [CP] Copy Pods Resources */ = {
			isa = PBXShellScriptBuildPhase;
			buildActionMask = 2147483647;
			files = (
			);
			inputPaths = (
			);
			name = "[CP] Copy Pods Resources";
			outputPaths = (
			);
			runOnlyForDeploymentPostprocessing = 0;
			shellPath = /bin/sh;
			shellScript = "\"${SRCROOT}/Pods/Target Support Files/Pods-FCMagazineTests/Pods-FCMagazineTests-resources.sh\"\n";
			showEnvVarsInLog = 0;
		};
		81241B96549D5024B88DF42A /* [CP] Embed Pods Frameworks */ = {
			isa = PBXShellScriptBuildPhase;
			buildActionMask = 2147483647;
			files = (
			);
			inputPaths = (
			);
			name = "[CP] Embed Pods Frameworks";
			outputPaths = (
			);
			runOnlyForDeploymentPostprocessing = 0;
			shellPath = /bin/sh;
			shellScript = "\"${SRCROOT}/Pods/Target Support Files/Pods-FCMagazineTests/Pods-FCMagazineTests-frameworks.sh\"\n";
			showEnvVarsInLog = 0;
		};
		8D745663B7DEB930B3BB7FEE /* [CP] Check Pods Manifest.lock */ = {
			isa = PBXShellScriptBuildPhase;
			buildActionMask = 2147483647;
			files = (
			);
			inputPaths = (
			);
			name = "[CP] Check Pods Manifest.lock";
			outputPaths = (
			);
			runOnlyForDeploymentPostprocessing = 0;
			shellPath = /bin/sh;
			shellScript = "diff \"${PODS_ROOT}/../Podfile.lock\" \"${PODS_ROOT}/Manifest.lock\" > /dev/null\nif [ $? != 0 ] ; then\n    # print error to STDERR\n    echo \"error: The sandbox is not in sync with the Podfile.lock. Run 'pod install' or update your CocoaPods installation.\" >&2\n    exit 1\nfi\n";
			showEnvVarsInLog = 0;
		};
		BB4B702057221940B910AA5B /* [CP] Embed Pods Frameworks */ = {
			isa = PBXShellScriptBuildPhase;
			buildActionMask = 2147483647;
			files = (
			);
			inputPaths = (
			);
			name = "[CP] Embed Pods Frameworks";
			outputPaths = (
			);
			runOnlyForDeploymentPostprocessing = 0;
			shellPath = /bin/sh;
			shellScript = "\"${SRCROOT}/Pods/Target Support Files/Pods-FCMagazine/Pods-FCMagazine-frameworks.sh\"\n";
			showEnvVarsInLog = 0;
		};
		D984CCC198653DB69A99487E /* [CP] Check Pods Manifest.lock */ = {
			isa = PBXShellScriptBuildPhase;
			buildActionMask = 2147483647;
			files = (
			);
			inputPaths = (
			);
			name = "[CP] Check Pods Manifest.lock";
			outputPaths = (
			);
			runOnlyForDeploymentPostprocessing = 0;
			shellPath = /bin/sh;
			shellScript = "diff \"${PODS_ROOT}/../Podfile.lock\" \"${PODS_ROOT}/Manifest.lock\" > /dev/null\nif [ $? != 0 ] ; then\n    # print error to STDERR\n    echo \"error: The sandbox is not in sync with the Podfile.lock. Run 'pod install' or update your CocoaPods installation.\" >&2\n    exit 1\nfi\n";
			showEnvVarsInLog = 0;
		};
		FC41AF89D9A57B50182C973C /* [CP] Copy Pods Resources */ = {
			isa = PBXShellScriptBuildPhase;
			buildActionMask = 2147483647;
			files = (
			);
			inputPaths = (
			);
			name = "[CP] Copy Pods Resources";
			outputPaths = (
			);
			runOnlyForDeploymentPostprocessing = 0;
			shellPath = /bin/sh;
			shellScript = "\"${SRCROOT}/Pods/Target Support Files/Pods-FCMagazine/Pods-FCMagazine-resources.sh\"\n";
			showEnvVarsInLog = 0;
		};
/* End PBXShellScriptBuildPhase section */

/* Begin PBXSourcesBuildPhase section */
		18FD1F371E6409A400B999A9 /* Sources */ = {
			isa = PBXSourcesBuildPhase;
			buildActionMask = 2147483647;
			files = (
				18B4662E1E655068007F5009 /* MainViewController.swift in Sources */,
				18B466291E654F0F007F5009 /* ReaderViewController.swift in Sources */,
				18B466261E654F03007F5009 /* AppDelegate.swift in Sources */,
				18B466371E65627D007F5009 /* Section.swift in Sources */,
				18B466391E6587A8007F5009 /* SectionHeaderView.swift in Sources */,
				18FD1F611E6453BA00B999A9 /* Magazine.swift in Sources */,
				18B466321E655B71007F5009 /* MagazineCoverCell.swift in Sources */,
			);
			runOnlyForDeploymentPostprocessing = 0;
		};
		18FD1F4D1E6409A500B999A9 /* Sources */ = {
			isa = PBXSourcesBuildPhase;
			buildActionMask = 2147483647;
			files = (
				18FD1F561E6409A500B999A9 /* FCMagazineTests.swift in Sources */,
			);
			runOnlyForDeploymentPostprocessing = 0;
		};
/* End PBXSourcesBuildPhase section */

/* Begin PBXTargetDependency section */
		18FD1F531E6409A500B999A9 /* PBXTargetDependency */ = {
			isa = PBXTargetDependency;
			target = 18FD1F3A1E6409A400B999A9 /* FCMagazine */;
			targetProxy = 18FD1F521E6409A500B999A9 /* PBXContainerItemProxy */;
		};
/* End PBXTargetDependency section */

/* Begin PBXVariantGroup section */
		18FD1F441E6409A400B999A9 /* Main.storyboard */ = {
			isa = PBXVariantGroup;
			children = (
				18FD1F451E6409A400B999A9 /* Base */,
			);
			name = Main.storyboard;
			sourceTree = "<group>";
		};
		18FD1F491E6409A400B999A9 /* LaunchScreen.storyboard */ = {
			isa = PBXVariantGroup;
			children = (
				18FD1F4A1E6409A400B999A9 /* Base */,
			);
			name = LaunchScreen.storyboard;
			sourceTree = "<group>";
		};
/* End PBXVariantGroup section */

/* Begin XCBuildConfiguration section */
		18FD1F581E6409A500B999A9 /* Debug */ = {
			isa = XCBuildConfiguration;
			buildSettings = {
				ALWAYS_SEARCH_USER_PATHS = NO;
				CLANG_ANALYZER_NONNULL = YES;
				CLANG_CXX_LANGUAGE_STANDARD = "gnu++0x";
				CLANG_CXX_LIBRARY = "libc++";
				CLANG_ENABLE_MODULES = YES;
				CLANG_ENABLE_OBJC_ARC = YES;
				CLANG_WARN_BOOL_CONVERSION = YES;
				CLANG_WARN_CONSTANT_CONVERSION = YES;
				CLANG_WARN_DIRECT_OBJC_ISA_USAGE = YES_ERROR;
				CLANG_WARN_DOCUMENTATION_COMMENTS = YES;
				CLANG_WARN_EMPTY_BODY = YES;
				CLANG_WARN_ENUM_CONVERSION = YES;
				CLANG_WARN_INFINITE_RECURSION = YES;
				CLANG_WARN_INT_CONVERSION = YES;
				CLANG_WARN_OBJC_ROOT_CLASS = YES_ERROR;
				CLANG_WARN_SUSPICIOUS_MOVE = YES;
				CLANG_WARN_UNREACHABLE_CODE = YES;
				CLANG_WARN__DUPLICATE_METHOD_MATCH = YES;
				"CODE_SIGN_IDENTITY[sdk=iphoneos*]" = "iPhone Developer";
				COPY_PHASE_STRIP = NO;
				DEBUG_INFORMATION_FORMAT = dwarf;
				ENABLE_STRICT_OBJC_MSGSEND = YES;
				ENABLE_TESTABILITY = YES;
				GCC_C_LANGUAGE_STANDARD = gnu99;
				GCC_DYNAMIC_NO_PIC = NO;
				GCC_NO_COMMON_BLOCKS = YES;
				GCC_OPTIMIZATION_LEVEL = 0;
				GCC_PREPROCESSOR_DEFINITIONS = (
					"DEBUG=1",
					"$(inherited)",
				);
				GCC_WARN_64_TO_32_BIT_CONVERSION = YES;
				GCC_WARN_ABOUT_RETURN_TYPE = YES_ERROR;
				GCC_WARN_UNDECLARED_SELECTOR = YES;
				GCC_WARN_UNINITIALIZED_AUTOS = YES_AGGRESSIVE;
				GCC_WARN_UNUSED_FUNCTION = YES;
				GCC_WARN_UNUSED_VARIABLE = YES;
				IPHONEOS_DEPLOYMENT_TARGET = 10.2;
				MTL_ENABLE_DEBUG_INFO = YES;
				ONLY_ACTIVE_ARCH = YES;
				SDKROOT = iphoneos;
				SWIFT_ACTIVE_COMPILATION_CONDITIONS = DEBUG;
				SWIFT_OPTIMIZATION_LEVEL = "-Onone";
				TARGETED_DEVICE_FAMILY = "1,2";
			};
			name = Debug;
		};
		18FD1F591E6409A500B999A9 /* Release */ = {
			isa = XCBuildConfiguration;
			buildSettings = {
				ALWAYS_SEARCH_USER_PATHS = NO;
				CLANG_ANALYZER_NONNULL = YES;
				CLANG_CXX_LANGUAGE_STANDARD = "gnu++0x";
				CLANG_CXX_LIBRARY = "libc++";
				CLANG_ENABLE_MODULES = YES;
				CLANG_ENABLE_OBJC_ARC = YES;
				CLANG_WARN_BOOL_CONVERSION = YES;
				CLANG_WARN_CONSTANT_CONVERSION = YES;
				CLANG_WARN_DIRECT_OBJC_ISA_USAGE = YES_ERROR;
				CLANG_WARN_DOCUMENTATION_COMMENTS = YES;
				CLANG_WARN_EMPTY_BODY = YES;
				CLANG_WARN_ENUM_CONVERSION = YES;
				CLANG_WARN_INFINITE_RECURSION = YES;
				CLANG_WARN_INT_CONVERSION = YES;
				CLANG_WARN_OBJC_ROOT_CLASS = YES_ERROR;
				CLANG_WARN_SUSPICIOUS_MOVE = YES;
				CLANG_WARN_UNREACHABLE_CODE = YES;
				CLANG_WARN__DUPLICATE_METHOD_MATCH = YES;
				"CODE_SIGN_IDENTITY[sdk=iphoneos*]" = "iPhone Developer";
				COPY_PHASE_STRIP = NO;
				DEBUG_INFORMATION_FORMAT = "dwarf-with-dsym";
				ENABLE_NS_ASSERTIONS = NO;
				ENABLE_STRICT_OBJC_MSGSEND = YES;
				GCC_C_LANGUAGE_STANDARD = gnu99;
				GCC_NO_COMMON_BLOCKS = YES;
				GCC_WARN_64_TO_32_BIT_CONVERSION = YES;
				GCC_WARN_ABOUT_RETURN_TYPE = YES_ERROR;
				GCC_WARN_UNDECLARED_SELECTOR = YES;
				GCC_WARN_UNINITIALIZED_AUTOS = YES_AGGRESSIVE;
				GCC_WARN_UNUSED_FUNCTION = YES;
				GCC_WARN_UNUSED_VARIABLE = YES;
				IPHONEOS_DEPLOYMENT_TARGET = 10.2;
				MTL_ENABLE_DEBUG_INFO = NO;
				SDKROOT = iphoneos;
				SWIFT_OPTIMIZATION_LEVEL = "-Owholemodule";
				TARGETED_DEVICE_FAMILY = "1,2";
				VALIDATE_PRODUCT = YES;
			};
			name = Release;
		};
		18FD1F5B1E6409A500B999A9 /* Debug */ = {
			isa = XCBuildConfiguration;
			baseConfigurationReference = 8D34A699FCC5B0BF18793994 /* Pods-FCMagazine.debug.xcconfig */;
			buildSettings = {
				ASSETCATALOG_COMPILER_APPICON_NAME = AppIcon;
				INFOPLIST_FILE = FCMagazine/Info.plist;
				LD_RUNPATH_SEARCH_PATHS = "$(inherited) @executable_path/Frameworks";
				PRODUCT_BUNDLE_IDENTIFIER = com.e2esp.FCMagazine;
				PRODUCT_NAME = "$(TARGET_NAME)";
				SWIFT_VERSION = 3.0;
			};
			name = Debug;
		};
		18FD1F5C1E6409A500B999A9 /* Release */ = {
			isa = XCBuildConfiguration;
			baseConfigurationReference = 20FF3F158EB527E2299FF48A /* Pods-FCMagazine.release.xcconfig */;
			buildSettings = {
				ASSETCATALOG_COMPILER_APPICON_NAME = AppIcon;
				INFOPLIST_FILE = FCMagazine/Info.plist;
				LD_RUNPATH_SEARCH_PATHS = "$(inherited) @executable_path/Frameworks";
				PRODUCT_BUNDLE_IDENTIFIER = com.e2esp.FCMagazine;
				PRODUCT_NAME = "$(TARGET_NAME)";
				SWIFT_VERSION = 3.0;
			};
			name = Release;
		};
		18FD1F5E1E6409A500B999A9 /* Debug */ = {
			isa = XCBuildConfiguration;
			baseConfigurationReference = 0C248915C19C3E40BE323347 /* Pods-FCMagazineTests.debug.xcconfig */;
			buildSettings = {
				ALWAYS_EMBED_SWIFT_STANDARD_LIBRARIES = YES;
				BUNDLE_LOADER = "$(TEST_HOST)";
				INFOPLIST_FILE = FCMagazineTests/Info.plist;
				LD_RUNPATH_SEARCH_PATHS = "$(inherited) @executable_path/Frameworks @loader_path/Frameworks";
				PRODUCT_BUNDLE_IDENTIFIER = com.e2esp.FCMagazineTests;
				PRODUCT_NAME = "$(TARGET_NAME)";
				SWIFT_VERSION = 3.0;
				TEST_HOST = "$(BUILT_PRODUCTS_DIR)/FCMagazine.app/FCMagazine";
			};
			name = Debug;
		};
		18FD1F5F1E6409A500B999A9 /* Release */ = {
			isa = XCBuildConfiguration;
			baseConfigurationReference = BE4D92EB009B2033F172F15E /* Pods-FCMagazineTests.release.xcconfig */;
			buildSettings = {
				ALWAYS_EMBED_SWIFT_STANDARD_LIBRARIES = YES;
				BUNDLE_LOADER = "$(TEST_HOST)";
				INFOPLIST_FILE = FCMagazineTests/Info.plist;
				LD_RUNPATH_SEARCH_PATHS = "$(inherited) @executable_path/Frameworks @loader_path/Frameworks";
				PRODUCT_BUNDLE_IDENTIFIER = com.e2esp.FCMagazineTests;
				PRODUCT_NAME = "$(TARGET_NAME)";
				SWIFT_VERSION = 3.0;
				TEST_HOST = "$(BUILT_PRODUCTS_DIR)/FCMagazine.app/FCMagazine";
			};
			name = Release;
		};
/* End XCBuildConfiguration section */

/* Begin XCConfigurationList section */
		18FD1F361E6409A400B999A9 /* Build configuration list for PBXProject "FCMagazine" */ = {
			isa = XCConfigurationList;
			buildConfigurations = (
				18FD1F581E6409A500B999A9 /* Debug */,
				18FD1F591E6409A500B999A9 /* Release */,
			);
			defaultConfigurationIsVisible = 0;
			defaultConfigurationName = Release;
		};
		18FD1F5A1E6409A500B999A9 /* Build configuration list for PBXNativeTarget "FCMagazine" */ = {
			isa = XCConfigurationList;
			buildConfigurations = (
				18FD1F5B1E6409A500B999A9 /* Debug */,
				18FD1F5C1E6409A500B999A9 /* Release */,
			);
			defaultConfigurationIsVisible = 0;
			defaultConfigurationName = Release;
		};
		18FD1F5D1E6409A500B999A9 /* Build configuration list for PBXNativeTarget "FCMagazineTests" */ = {
			isa = XCConfigurationList;
			buildConfigurations = (
				18FD1F5E1E6409A500B999A9 /* Debug */,
				18FD1F5F1E6409A500B999A9 /* Release */,
			);
			defaultConfigurationIsVisible = 0;
			defaultConfigurationName = Release;
		};
/* End XCConfigurationList section */
	};
	rootObject = 18FD1F331E6409A400B999A9 /* Project object */;
}
